dependencies:
- name: mongodb
  repository: https://charts.bitnami.com/bitnami
  version: 16.5.45
- name: postgresql
  repository: https://charts.bitnami.com/bitnami
  version: 15.5.38
- name: nats
  repository: https://nats-io.github.io/k8s/helm/charts
  version: 0.15.1
digest: sha256:2c34d97fa1ebf5d6be27874591d4f2cbe11ba44a7fe4d9440e03a8174c2905a2
generated: "2026-04-14T21:06:34.150573-04:00"
